{
  "name": "event-tui-simulator",
  "version": "0.1.0",
  "lockfileVersion": 2,
  "requires": true,
  "packages": {
    "": {
      "name": "event-tui-simulator",
      "version": "0.1.0",
      "dependencies": {
        "blessed": "^0.1.81",
        "chalk": "^5.3.0",
        "gradient-string": "^2.0.2",
        "luxon": "^3.5.0"
      }
    },
    "node_modules/@types/tinycolor2": {
      "version": "1.4.6",
      "resolved": "https://registry.npmjs.org/@types/tinycolor2/-/tinycolor2-1.4.6.tgz",
      "integrity": "sha512-iEN8J0BoMnsWBqjVbWH/c0G0Hh7O21lpR2/+PrvAVgWdzL7eexIFm4JN/Wn10PTcmNdtS6U67r499mlWMXOxNw=="
    },
    "node_modules/ansi-styles": {
      "version": "4.3.0",
      "resolved": "https://registry.npmjs.org/ansi-styles/-/ansi-styles-4.3.0.tgz",
      "integrity": "sha512-zbB9rCJAT1rbjiVDb2hqKFHNYLxgtk8NURxZ3IZwD3F6NtxbXZQCnnSi1Lkx+IDohdPlFp222wVALIheZJQSEg==",
      "dependencies": {
        "color-convert": "^2.0.1"
      },
      "engines": {
        "node": ">=8"
      },
      "funding": {
        "url": "https://github.com/chalk/ansi-styles?sponsor=1"
      }
    },
    "node_modules/blessed": {
      "version": "0.1.81",
      "resolved": "https://registry.npmjs.org/blessed/-/blessed-0.1.81.tgz",
      "integrity": "sha512-LoF5gae+hlmfORcG1M5+5XZi4LBmvlXTzwJWzUlPryN/SJdSflZvROM2TwkT0GMpq7oqT48NRd4GS7BiVBc5OQ==",
      "bin": {
        "blessed": "bin/tput.js"
      },
      "engines": {
        "node": ">= 0.8.0"
      }
    },
    "node_modules/chalk": {
      "version": "5.6.2",
      "resolved": "https://registry.npmjs.org/chalk/-/chalk-5.6.2.tgz",
      "integrity": "sha512-7NzBL0rN6fMUW+f7A6Io4h40qQlG+xGmtMxfbnH/K7TAtt8JQWVQK+6g0UXKMeVJoyV5EkkNsErQ8pVD3bLHbA==",
      "engines": {
        "node": "^12.17.0 || ^14.13 || >=16.0.0"
      },
      "funding": {
        "url": "https://github.com/chalk/chalk?sponsor=1"
      }
    },
    "node_modules/color-convert": {
      "version": "2.0.1",
      "resolved": "https://registry.npmjs.org/color-convert/-/color-convert-2.0.1.tgz",
      "integrity": "sha512-RRECPsj7iu/xb5oKYcsFHSppFNnsj/52OVTRKb4zP5onXwVF3zVmmToNcOfGC+CRDpfK/U584fMg38ZHCaElKQ==",
      "dependencies": {
        "color-name": "~1.1.4"
      },
      "engines": {
        "node": ">=7.0.0"
      }
    },
    "node_modules/color-name": {
      "version": "1.1.4",
      "resolved": "https://registry.npmjs.org/color-name/-/color-name-1.1.4.tgz",
      "integrity": "sha512-dOy+3AuW3a2wNbZHIuMZpTcgjGuLU/uBL/ubcZF9OXbDo8ff4O8yVp5Bf0efS8uEoYo5q4Fx7dY9OgQGXgAsQA=="
    },
    "node_modules/gradient-string": {
      "version": "2.0.2",
      "resolved": "https://registry.npmjs.org/gradient-string/-/gradient-string-2.0.2.tgz",
      "integrity": "sha512-rEDCuqUQ4tbD78TpzsMtt5OIf0cBCSDWSJtUDaF6JsAh+k0v9r++NzxNEG87oDZx9ZwGhD8DaezR2L/yrw0Jdw==",
      "dependencies": {
        "chalk": "^4.1.2",
        "tinygradient": "^1.1.5"
      },
      "engines": {
        "node": ">=10"
      }
    },
    "node_modules/gradient-string/node_modules/chalk": {
      "version": "4.1.2",
      "resolved": "https://registry.npmjs.org/chalk/-/chalk-4.1.2.tgz",
      "integrity": "sha512-oKnbhFyRIXpUuez8iBMmyEa4nbj4IOQyuhc/wy9kY7/WVPcwIO9VA668Pu8RkO7+0G76SLROeyw9CpQ061i4mA==",
      "dependencies": {
        "ansi-styles": "^4.1.0",
        "supports-color": "^7.1.0"
      },
      "engines": {
        "node": ">=10"
      },
      "funding": {
        "url": "https://github.com/chalk/chalk?sponsor=1"
      }
    },
    "node_modules/has-flag": {
      "version": "4.0.0",
      "resolved": "https://registry.npmjs.org/has-flag/-/has-flag-4.0.0.tgz",
      "integrity": "sha512-EykJT/Q1KjTWctppgIAgfSO0tKVuZUjhgMr17kqTumMl6Afv3EISleU7qZUzoXDFTAHTDC4NOoG/ZxU3EvlMPQ==",
      "engines": {
        "node": ">=8"
      }
    },
    "node_modules/luxon": {
      "version": "3.7.2",
      "resolved": "https://registry.npmjs.org/luxon/-/luxon-3.7.2.tgz",
      "integrity": "sha512-vtEhXh/gNjI9Yg1u4jX/0YVPMvxzHuGgCm6tC5kZyb08yjGWGnqAjGJvcXbqQR2P3MyMEFnRbpcdFS6PBcLqew==",
      "engines": {
        "node": ">=12"
      }
    },
    "node_modules/supports-color": {
      "version": "7.2.0",
      "resolved": "https://registry.npmjs.org/supports-color/-/supports-color-7.2.0.tgz",
      "integrity": "sha512-qpCAvRl9stuOHveKsn7HncJRvv501qIacKzQlO/+Lwxc9+0q2wLyv4Dfvt80/DPn2pqOBsJdDiogXGR9+OvwRw==",
      "dependencies": {
        "has-flag": "^4.0.0"
      },
      "engines": {
        "node": ">=8"
      }
    },
    "node_modules/tinycolor2": {
      "version": "1.6.0",
      "resolved": "https://registry.npmjs.org/tinycolor2/-/tinycolor2-1.6.0.tgz",
      "integrity": "sha512-XPaBkWQJdsf3pLKJV9p4qN/S+fm2Oj8AIPo1BTUhg5oxkvm9+SVEGFdhyOz7tTdUTfvxMiAs4sp6/eZO2Ew+pw=="
    },
    "node_modules/tinygradient": {
      "version": "1.1.5",
      "resolved": "https://registry.npmjs.org/tinygradient/-/tinygradient-1.1.5.tgz",
      "integrity": "sha512-8nIfc2vgQ4TeLnk2lFj4tRLvvJwEfQuabdsmvDdQPT0xlk9TaNtpGd6nNRxXoK6vQhN6RSzj+Cnp5tTQmpxmbw==",
      "dependencies": {
        "@types/tinycolor2": "^1.4.0",
        "tinycolor2": "^1.0.0"
      }
    }
  },
  "dependencies": {
    "@types/tinycolor2": {
      "version": "1.4.6",
      "resolved": "https://registry.npmjs.org/@types/tinycolor2/-/tinycolor2-1.4.6.tgz",
      "integrity": "sha512-iEN8J0BoMnsWBqjVbWH/c0G0Hh7O21lpR2/+PrvAVgWdzL7eexIFm4JN/Wn10PTcmNdtS6U67r499mlWMXOxNw=="
    },
    "ansi-styles": {
      "version": "4.3.0",
      "resolved": "https://registry.npmjs.org/ansi-styles/-/ansi-styles-4.3.0.tgz",
      "integrity": "sha512-zbB9rCJAT1rbjiVDb2hqKFHNYLxgtk8NURxZ3IZwD3F6NtxbXZQCnnSi1Lkx+IDohdPlFp222wVALIheZJQSEg==",
      "requires": {
        "color-convert": "^2.0.1"
      }
    },
    "blessed": {
      "version": "0.1.81",
      "resolved": "https://registry.npmjs.org/blessed/-/blessed-0.1.81.tgz",
      "integrity": "sha512-LoF5gae+hlmfORcG1M5+5XZi4LBmvlXTzwJWzUlPryN/SJdSflZvROM2TwkT0GMpq7oqT48NRd4GS7BiVBc5OQ=="
    },
    "chalk": {
      "version": "5.6.2",
      "resolved": "https://registry.npmjs.org/chalk/-/chalk-5.6.2.tgz",
      "integrity": "sha512-7NzBL0rN6fMUW+f7A6Io4h40qQlG+xGmtMxfbnH/K7TAtt8JQWVQK+6g0UXKMeVJoyV5EkkNsErQ8pVD3bLHbA=="
    },
    "color-convert": {
      "version": "2.0.1",
      "resolved": "https://registry.npmjs.org/color-convert/-/color-convert-2.0.1.tgz",
      "integrity": "sha512-RRECPsj7iu/xb5oKYcsFHSppFNnsj/52OVTRKb4zP5onXwVF3zVmmToNcOfGC+CRDpfK/U584fMg38ZHCaElKQ==",
      "requires": {
        "color-name": "~1.1.4"
      }
    },
    "color-name": {
      "version": "1.1.4",
      "resolved": "https://registry.npmjs.org/color-name/-/color-name-1.1.4.tgz",
      "integrity": "sha512-dOy+3AuW3a2wNbZHIuMZpTcgjGuLU/uBL/ubcZF9OXbDo8ff4O8yVp5Bf0efS8uEoYo5q4Fx7dY9OgQGXgAsQA=="
    },
    "gradient-string": {
      "version": "2.0.2",
      "resolved": "https://registry.npmjs.org/gradient-string/-/gradient-string-2.0.2.tgz",
      "integrity": "sha512-rEDCuqUQ4tbD78TpzsMtt5OIf0cBCSDWSJtUDaF6JsAh+k0v9r++NzxNEG87oDZx9ZwGhD8DaezR2L/yrw0Jdw==",
      "requires": {
        "chalk": "^4.1.2",
        "tinygradient": "^1.1.5"
      },
      "dependencies": {
        "chalk": {
          "version": "4.1.2",
          "resolved": "https://registry.npmjs.org/chalk/-/chalk-4.1.2.tgz",
          "integrity": "sha512-oKnbhFyRIXpUuez8iBMmyEa4nbj4IOQyuhc/wy9kY7/WVPcwIO9VA668Pu8RkO7+0G76SLROeyw9CpQ061i4mA==",
          "requires": {
            "ansi-styles": "^4.1.0",
            "supports-color": "^7.1.0"
          }
        }
      }
    },
    "has-flag": {
      "version": "4.0.0",
      "resolved": "https://registry.npmjs.org/has-flag/-/has-flag-4.0.0.tgz",
      "integrity": "sha512-EykJT/Q1KjTWctppgIAgfSO0tKVuZUjhgMr17kqTumMl6Afv3EISleU7qZUzoXDFTAHTDC4NOoG/ZxU3EvlMPQ=="
    },
    "luxon": {
      "version": "3.7.2",
      "resolved": "https://registry.npmjs.org/luxon/-/luxon-3.7.2.tgz",
      "integrity": "sha512-vtEhXh/gNjI9Yg1u4jX/0YVPMvxzHuGgCm6tC5kZyb08yjGWGnqAjGJvcXbqQR2P3MyMEFnRbpcdFS6PBcLqew=="
    },
    "supports-color": {
      "version": "7.2.0",
      "resolved": "https://registry.npmjs.org/supports-color/-/supports-color-7.2.0.tgz",
      "integrity": "sha512-qpCAvRl9stuOHveKsn7HncJRvv501qIacKzQlO/+Lwxc9+0q2wLyv4Dfvt80/DPn2pqOBsJdDiogXGR9+OvwRw==",
      "requires": {
        "has-flag": "^4.0.0"
      }
    },
    "tinycolor2": {
      "version": "1.6.0",
      "resolved": "https://registry.npmjs.org/tinycolor2/-/tinycolor2-1.6.0.tgz",
      "integrity": "sha512-XPaBkWQJdsf3pLKJV9p4qN/S+fm2Oj8AIPo1BTUhg5oxkvm9+SVEGFdhyOz7tTdUTfvxMiAs4sp6/eZO2Ew+pw=="
    },
    "tinygradient": {
      "version": "1.1.5",
      "resolved": "https://registry.npmjs.org/tinygradient/-/tinygradient-1.1.5.tgz",
      "integrity": "sha512-8nIfc2vgQ4TeLnk2lFj4tRLvvJwEfQuabdsmvDdQPT0xlk9TaNtpGd6nNRxXoK6vQhN6RSzj+Cnp5tTQmpxmbw==",
      "requires": {
        "@types/tinycolor2": "^1.4.0",
        "tinycolor2": "^1.0.0"
      }
    }
  }
}
